
Microsoft Visual Studio Solution File, Format Version 12.00
# Visual Studio Version 16
VisualStudioVersion = 16.0.30804.86
MinimumVisualStudioVersion = 10.0.40219.1
Project("{9A19103F-16F7-4668-BE54-9A1E7A4F7556}") = "BookListRazor", "BookListRazor.csproj", "{9CF9619F-0B48-43C4-8435-989AF86AD8CE}"
EndProject
Global
	GlobalSection(SolutionConfigurationPlatforms) = preSolution
		Debug|Any CPU = Debug|Any CPU
		Release|Any CPU = Release|Any CPU
	EndGlobalSection
	GlobalSection(ProjectConfigurationPlatforms) = postSolution
		{9CF9619F-0B48-43C4-8435-989AF86AD8CE}.Debug|Any CPU.ActiveCfg = Debug|Any CPU
		{9CF9619F-0B48-43C4-8435-989AF86AD8CE}.Debug|Any CPU.Build.0 = Debug|Any CPU
		{9CF9619F-0B48-43C4-8435-989AF86AD8CE}.Release|Any CPU.ActiveCfg = Release|Any CPU
		{9CF9619F-0B48-43C4-8435-989AF86AD8CE}.Release|Any CPU.Build.0 = Release|Any CPU
	EndGlobalSection
	GlobalSection(SolutionProperties) = preSolution
		HideSolutionNode = FALSE
	EndGlobalSection
	GlobalSection(ExtensibilityGlobals) = postSolution
		SolutionGuid = {136B5B88-3F3A-4CD5-BBBA-2D0F70941291}
	EndGlobalSection
EndGlobal
